// !$*UTF8*$!
{
	archiveVersion = 1;
	classes = {
	};
	objectVersion = 50;
	objects = {

/* Begin PBXBuildFile section */
		4F386E0D2560CE5200A0E91B /* PlantCreationSheet.swift in Sources */ = {isa = PBXBuildFile; fileRef = 4F386E0C2560CE5200A0E91B /* PlantCreationSheet.swift */; };
		4F386E112560CE6000A0E91B /* PlantProfile.swift in Sources */ = {isa = PBXBuildFile; fileRef = 4F386E102560CE6000A0E91B /* PlantProfile.swift */; };
		4F386E142560D2A000A0E91B /* ImagePicker.swift in Sources */ = {isa = PBXBuildFile; fileRef = 4F386E132560D29F00A0E91B /* ImagePicker.swift */; };
		4F386E172560D7B300A0E91B /* PlantList.swift in Sources */ = {isa = PBXBuildFile; fileRef = 4F386E162560D7B300A0E91B /* PlantList.swift */; };
		4F386E1A2560DCDD00A0E91B /* PlantEditor.swift in Sources */ = {isa = PBXBuildFile; fileRef = 4F386E192560DCDD00A0E91B /* PlantEditor.swift */; };
		4F46A03C254CAE1C005B2738 /* PlantEdCDApp.swift in Sources */ = {isa = PBXBuildFile; fileRef = 4F46A03B254CAE1C005B2738 /* PlantEdCDApp.swift */; };
		4F46A03E254CAE1C005B2738 /* ContentView.swift in Sources */ = {isa = PBXBuildFile; fileRef = 4F46A03D254CAE1C005B2738 /* ContentView.swift */; };
		4F46A040254CAE21005B2738 /* Assets.xcassets in Resources */ = {isa = PBXBuildFile; fileRef = 4F46A03F254CAE21005B2738 /* Assets.xcassets */; };
		4F46A043254CAE21005B2738 /* Preview Assets.xcassets in Resources */ = {isa = PBXBuildFile; fileRef = 4F46A042254CAE21005B2738 /* Preview Assets.xcassets */; };
		4F46A045254CAE21005B2738 /* Persistence.swift in Sources */ = {isa = PBXBuildFile; fileRef = 4F46A044254CAE21005B2738 /* Persistence.swift */; };
		4F46A048254CAE21005B2738 /* PlantEdCD.xcdatamodeld in Sources */ = {isa = PBXBuildFile; fileRef = 4F46A046254CAE21005B2738 /* PlantEdCD.xcdatamodeld */; };
		4F46A051254CB23F005B2738 /* UIImageTransformer.swift in Sources */ = {isa = PBXBuildFile; fileRef = 4F46A050254CB23F005B2738 /* UIImageTransformer.swift */; };
		4F46A055254CB2AC005B2738 /* Plant+Helpers.swift in Sources */ = {isa = PBXBuildFile; fileRef = 4F46A054254CB2AC005B2738 /* Plant+Helpers.swift */; };
		4F98DC54257FFC9200C7E89A /* TypeList.swift in Sources */ = {isa = PBXBuildFile; fileRef = 4F98DC53257FFC9200C7E89A /* TypeList.swift */; };
		4F98DC57257FFDD500C7E89A /* TypeRow.swift in Sources */ = {isa = PBXBuildFile; fileRef = 4F98DC56257FFDD500C7E89A /* TypeRow.swift */; };
		4F98DC5A257FFF5500C7E89A /* Type+Helpers.swift in Sources */ = {isa = PBXBuildFile; fileRef = 4F98DC59257FFF5500C7E89A /* Type+Helpers.swift */; };
		4FC0A0892574534800D0F360 /* Notifier.swift in Sources */ = {isa = PBXBuildFile; fileRef = 4FC0A0882574534800D0F360 /* Notifier.swift */; };
		4FC0A08C257458CC00D0F360 /* PlantRow.swift in Sources */ = {isa = PBXBuildFile; fileRef = 4FC0A08B257458CC00D0F360 /* PlantRow.swift */; };
		4FCC6EA42576240E00CF99DA /* WateringSchedule.swift in Sources */ = {isa = PBXBuildFile; fileRef = 4FCC6EA32576240E00CF99DA /* WateringSchedule.swift */; };
		4FCC6EA7257627CD00CF99DA /* WateringScheduleRow.swift in Sources */ = {isa = PBXBuildFile; fileRef = 4FCC6EA6257627CD00CF99DA /* WateringScheduleRow.swift */; };
/* End PBXBuildFile section */

/* Begin PBXFileReference section */
		4F386E0C2560CE5200A0E91B /* PlantCreationSheet.swift */ = {isa = PBXFileReference; lastKnownFileType = sourcecode.swift; path = PlantCreationSheet.swift; sourceTree = "<group>"; };
		4F386E102560CE6000A0E91B /* PlantProfile.swift */ = {isa = PBXFileReference; lastKnownFileType = sourcecode.swift; path = PlantProfile.swift; sourceTree = "<group>"; };
		4F386E132560D29F00A0E91B /* ImagePicker.swift */ = {isa = PBXFileReference; lastKnownFileType = sourcecode.swift; path = ImagePicker.swift; sourceTree = "<group>"; };
		4F386E162560D7B300A0E91B /* PlantList.swift */ = {isa = PBXFileReference; lastKnownFileType = sourcecode.swift; path = PlantList.swift; sourceTree = "<group>"; };
		4F386E192560DCDD00A0E91B /* PlantEditor.swift */ = {isa = PBXFileReference; lastKnownFileType = sourcecode.swift; path = PlantEditor.swift; sourceTree = "<group>"; };
		4F46A038254CAE1C005B2738 /* PlantEd.app */ = {isa = PBXFileReference; explicitFileType = wrapper.application; includeInIndex = 0; path = PlantEd.app; sourceTree = BUILT_PRODUCTS_DIR; };
		4F46A03B254CAE1C005B2738 /* PlantEdCDApp.swift */ = {isa = PBXFileReference; lastKnownFileType = sourcecode.swift; path = PlantEdCDApp.swift; sourceTree = "<group>"; };
		4F46A03D254CAE1C005B2738 /* ContentView.swift */ = {isa = PBXFileReference; lastKnownFileType = sourcecode.swift; path = ContentView.swift; sourceTree = "<group>"; };
		4F46A03F254CAE21005B2738 /* Assets.xcassets */ = {isa = PBXFileReference; lastKnownFileType = folder.assetcatalog; path = Assets.xcassets; sourceTree = "<group>"; };
		4F46A042254CAE21005B2738 /* Preview Assets.xcassets */ = {isa = PBXFileReference; lastKnownFileType = folder.assetcatalog; path = "Preview Assets.xcassets"; sourceTree = "<group>"; };
		4F46A044254CAE21005B2738 /* Persistence.swift */ = {isa = PBXFileReference; lastKnownFileType = sourcecode.swift; path = Persistence.swift; sourceTree = "<group>"; };
		4F46A047254CAE21005B2738 /* PlantEdCD.xcdatamodel */ = {isa = PBXFileReference; lastKnownFileType = wrapper.xcdatamodel; path = PlantEdCD.xcdatamodel; sourceTree = "<group>"; };
		4F46A049254CAE21005B2738 /* Info.plist */ = {isa = PBXFileReference; lastKnownFileType = text.plist.xml; path = Info.plist; sourceTree = "<group>"; };
		4F46A050254CB23F005B2738 /* UIImageTransformer.swift */ = {isa = PBXFileReference; lastKnownFileType = sourcecode.swift; path = UIImageTransformer.swift; sourceTree = "<group>"; };
		4F46A054254CB2AC005B2738 /* Plant+Helpers.swift */ = {isa = PBXFileReference; lastKnownFileType = sourcecode.swift; path = "Plant+Helpers.swift"; sourceTree = "<group>"; };
		4F98DC53257FFC9200C7E89A /* TypeList.swift */ = {isa = PBXFileReference; lastKnownFileType = sourcecode.swift; path = TypeList.swift; sourceTree = "<group>"; };
		4F98DC56257FFDD500C7E89A /* TypeRow.swift */ = {isa = PBXFileReference; lastKnownFileType = sourcecode.swift; path = TypeRow.swift; sourceTree = "<group>"; };
		4F98DC59257FFF5500C7E89A /* Type+Helpers.swift */ = {isa = PBXFileReference; lastKnownFileType = sourcecode.swift; path = "Type+Helpers.swift"; sourceTree = "<group>"; };
		4FC0A0882574534800D0F360 /* Notifier.swift */ = {isa = PBXFileReference; lastKnownFileType = sourcecode.swift; path = Notifier.swift; sourceTree = "<group>"; };
		4FC0A08B257458CC00D0F360 /* PlantRow.swift */ = {isa = PBXFileReference; lastKnownFileType = sourcecode.swift; path = PlantRow.swift; sourceTree = "<group>"; };
		4FCC6EA32576240E00CF99DA /* WateringSchedule.swift */ = {isa = PBXFileReference; lastKnownFileType = sourcecode.swift; path = WateringSchedule.swift; sourceTree = "<group>"; };
		4FCC6EA6257627CD00CF99DA /* WateringScheduleRow.swift */ = {isa = PBXFileReference; lastKnownFileType = sourcecode.swift; path = WateringScheduleRow.swift; sourceTree = "<group>"; };
/* End PBXFileReference section */

/* Begin PBXFrameworksBuildPhase section */
		4F46A035254CAE1C005B2738 /* Frameworks */ = {
			isa = PBXFrameworksBuildPhase;
			buildActionMask = 2147483647;
			files = (
			);
			runOnlyForDeploymentPostprocessing = 0;
		};
/* End PBXFrameworksBuildPhase section */

/* Begin PBXGroup section */
		4F386E0B2560CDE400A0E91B /* Views */ = {
			isa = PBXGroup;
			children = (
				4F46A03D254CAE1C005B2738 /* ContentView.swift */,
				4F386E0C2560CE5200A0E91B /* PlantCreationSheet.swift */,
				4F386E102560CE6000A0E91B /* PlantProfile.swift */,
				4F386E132560D29F00A0E91B /* ImagePicker.swift */,
				4F386E162560D7B300A0E91B /* PlantList.swift */,
				4F386E192560DCDD00A0E91B /* PlantEditor.swift */,
				4FC0A08B257458CC00D0F360 /* PlantRow.swift */,
				4FCC6EA32576240E00CF99DA /* WateringSchedule.swift */,
				4FCC6EA6257627CD00CF99DA /* WateringScheduleRow.swift */,
				4F98DC53257FFC9200C7E89A /* TypeList.swift */,
				4F98DC56257FFDD500C7E89A /* TypeRow.swift */,
			);
			path = Views;
			sourceTree = "<group>";
		};
		4F46A02F254CAE1C005B2738 = {
			isa = PBXGroup;
			children = (
				4F46A03A254CAE1C005B2738 /* PlantEdCD */,
				4F46A039254CAE1C005B2738 /* Products */,
			);
			sourceTree = "<group>";
		};
		4F46A039254CAE1C005B2738 /* Products */ = {
			isa = PBXGroup;
			children = (
				4F46A038254CAE1C005B2738 /* PlantEd.app */,
			);
			name = Products;
			sourceTree = "<group>";
		};
		4F46A03A254CAE1C005B2738 /* PlantEdCD */ = {
			isa = PBXGroup;
			children = (
				4F46A03F254CAE21005B2738 /* Assets.xcassets */,
				4F46A049254CAE21005B2738 /* Info.plist */,
				4F46A058254CB2B6005B2738 /* Models */,
				4F46A03B254CAE1C005B2738 /* PlantEdCDApp.swift */,
				4F46A041254CAE21005B2738 /* Preview Content */,
				4F386E0B2560CDE400A0E91B /* Views */,
				4FC0A0882574534800D0F360 /* Notifier.swift */,
			);
			path = PlantEdCD;
			sourceTree = "<group>";
		};
		4F46A041254CAE21005B2738 /* Preview Content */ = {
			isa = PBXGroup;
			children = (
				4F46A042254CAE21005B2738 /* Preview Assets.xcassets */,
			);
			path = "Preview Content";
			sourceTree = "<group>";
		};
		4F46A058254CB2B6005B2738 /* Models */ = {
			isa = PBXGroup;
			children = (
				4F46A046254CAE21005B2738 /* PlantEdCD.xcdatamodeld */,
				4F46A044254CAE21005B2738 /* Persistence.swift */,
				4F46A050254CB23F005B2738 /* UIImageTransformer.swift */,
				4F46A054254CB2AC005B2738 /* Plant+Helpers.swift */,
				4F98DC59257FFF5500C7E89A /* Type+Helpers.swift */,
			);
			path = Models;
			sourceTree = "<group>";
		};
/* End PBXGroup section */

/* Begin PBXNativeTarget section */
		4F46A037254CAE1C005B2738 /* PlantEd */ = {
			isa = PBXNativeTarget;
			buildConfigurationList = 4F46A04C254CAE21005B2738 /* Build configuration list for PBXNativeTarget "PlantEd" */;
			buildPhases = (
				4F46A034254CAE1C005B2738 /* Sources */,
				4F46A035254CAE1C005B2738 /* Frameworks */,
				4F46A036254CAE1C005B2738 /* Resources */,
			);
			buildRules = (
			);
			dependencies = (
			);
			name = PlantEd;
			productName = PlantEdCD;
			productReference = 4F46A038254CAE1C005B2738 /* PlantEd.app */;
			productType = "com.apple.product-type.application";
		};
/* End PBXNativeTarget section */

/* Begin PBXProject section */
		4F46A030254CAE1C005B2738 /* Project object */ = {
			isa = PBXProject;
			attributes = {
				LastSwiftUpdateCheck = 1220;
				LastUpgradeCheck = 1220;
				TargetAttributes = {
					4F46A037254CAE1C005B2738 = {
						CreatedOnToolsVersion = 12.2;
					};
				};
			};
			buildConfigurationList = 4F46A033254CAE1C005B2738 /* Build configuration list for PBXProject "PlantEdCD" */;
			compatibilityVersion = "Xcode 9.3";
			developmentRegion = en;
			hasScannedForEncodings = 0;
			knownRegions = (
				en,
				Base,
			);
			mainGroup = 4F46A02F254CAE1C005B2738;
			productRefGroup = 4F46A039254CAE1C005B2738 /* Products */;
			projectDirPath = "";
			projectRoot = "";
			targets = (
				4F46A037254CAE1C005B2738 /* PlantEd */,
			);
		};
/* End PBXProject section */

/* Begin PBXResourcesBuildPhase section */
		4F46A036254CAE1C005B2738 /* Resources */ = {
			isa = PBXResourcesBuildPhase;
			buildActionMask = 2147483647;
			files = (
				4F46A043254CAE21005B2738 /* Preview Assets.xcassets in Resources */,
				4F46A040254CAE21005B2738 /* Assets.xcassets in Resources */,
			);
			runOnlyForDeploymentPostprocessing = 0;
		};
/* End PBXResourcesBuildPhase section */

/* Begin PBXSourcesBuildPhase section */
		4F46A034254CAE1C005B2738 /* Sources */ = {
			isa = PBXSourcesBuildPhase;
			buildActionMask = 2147483647;
			files = (
				4F46A045254CAE21005B2738 /* Persistence.swift in Sources */,
				4FC0A0892574534800D0F360 /* Notifier.swift in Sources */,
				4F386E172560D7B300A0E91B /* PlantList.swift in Sources */,
				4FCC6EA42576240E00CF99DA /* WateringSchedule.swift in Sources */,
				4F46A055254CB2AC005B2738 /* Plant+Helpers.swift in Sources */,
				4F46A048254CAE21005B2738 /* PlantEdCD.xcdatamodeld in Sources */,
				4F386E142560D2A000A0E91B /* ImagePicker.swift in Sources */,
				4F98DC5A257FFF5500C7E89A /* Type+Helpers.swift in Sources */,
				4F98DC54257FFC9200C7E89A /* TypeList.swift in Sources */,
				4FC0A08C257458CC00D0F360 /* PlantRow.swift in Sources */,
				4F98DC57257FFDD500C7E89A /* TypeRow.swift in Sources */,
				4F46A051254CB23F005B2738 /* UIImageTransformer.swift in Sources */,
				4F386E1A2560DCDD00A0E91B /* PlantEditor.swift in Sources */,
				4F46A03E254CAE1C005B2738 /* ContentView.swift in Sources */,
				4F386E112560CE6000A0E91B /* PlantProfile.swift in Sources */,
				4F46A03C254CAE1C005B2738 /* PlantEdCDApp.swift in Sources */,
				4FCC6EA7257627CD00CF99DA /* WateringScheduleRow.swift in Sources */,
				4F386E0D2560CE5200A0E91B /* PlantCreationSheet.swift in Sources */,
			);
			runOnlyForDeploymentPostprocessing = 0;
		};
/* End PBXSourcesBuildPhase section */

/* Begin XCBuildConfiguration section */
		4F46A04A254CAE21005B2738 /* Debug */ = {
			isa = XCBuildConfiguration;
			buildSettings = {
				ALWAYS_SEARCH_USER_PATHS = NO;
				CLANG_ANALYZER_NONNULL = YES;
				CLANG_ANALYZER_NUMBER_OBJECT_CONVERSION = YES_AGGRESSIVE;
				CLANG_CXX_LANGUAGE_STANDARD = "gnu++14";
				CLANG_CXX_LIBRARY = "libc++";
				CLANG_ENABLE_MODULES = YES;
				CLANG_ENABLE_OBJC_ARC = YES;
				CLANG_ENABLE_OBJC_WEAK = YES;
				CLANG_WARN_BLOCK_CAPTURE_AUTORELEASING = YES;
				CLANG_WARN_BOOL_CONVERSION = YES;
				CLANG_WARN_COMMA = YES;
				CLANG_WARN_CONSTANT_CONVERSION = YES;
				CLANG_WARN_DEPRECATED_OBJC_IMPLEMENTATIONS = YES;
				CLANG_WARN_DIRECT_OBJC_ISA_USAGE = YES_ERROR;
				CLANG_WARN_DOCUMENTATION_COMMENTS = YES;
				CLANG_WARN_EMPTY_BODY = YES;
				CLANG_WARN_ENUM_CONVERSION = YES;
				CLANG_WARN_INFINITE_RECURSION = YES;
				CLANG_WARN_INT_CONVERSION = YES;
				CLANG_WARN_NON_LITERAL_NULL_CONVERSION = YES;
				CLANG_WARN_OBJC_IMPLICIT_RETAIN_SELF = YES;
				CLANG_WARN_OBJC_LITERAL_CONVERSION = YES;
				CLANG_WARN_OBJC_ROOT_CLASS = YES_ERROR;
				CLANG_WARN_QUOTED_INCLUDE_IN_FRAMEWORK_HEADER = YES;
				CLANG_WARN_RANGE_LOOP_ANALYSIS = YES;
				CLANG_WARN_STRICT_PROTOTYPES = YES;
				CLANG_WARN_SUSPICIOUS_MOVE = YES;
				CLANG_WARN_UNGUARDED_AVAILABILITY = YES_AGGRESSIVE;
				CLANG_WARN_UNREACHABLE_CODE = YES;
				CLANG_WARN__DUPLICATE_METHOD_MATCH = YES;
				COPY_PHASE_STRIP = NO;
				DEBUG_INFORMATION_FORMAT = dwarf;
				ENABLE_STRICT_OBJC_MSGSEND = YES;
				ENABLE_TESTABILITY = YES;
				GCC_C_LANGUAGE_STANDARD = gnu11;
				GCC_DYNAMIC_NO_PIC = NO;
				GCC_NO_COMMON_BLOCKS = YES;
				GCC_OPTIMIZATION_LEVEL = 0;
				GCC_PREPROCESSOR_DEFINITIONS = (
					"DEBUG=1",
					"$(inherited)",
				);
				GCC_WARN_64_TO_32_BIT_CONVERSION = YES;
				GCC_WARN_ABOUT_RETURN_TYPE = YES_ERROR;
				GCC_WARN_UNDECLARED_SELECTOR = YES;
				GCC_WARN_UNINITIALIZED_AUTOS = YES_AGGRESSIVE;
				GCC_WARN_UNUSED_FUNCTION = YES;
				GCC_WARN_UNUSED_VARIABLE = YES;
				IPHONEOS_DEPLOYMENT_TARGET = 14.2;
				MTL_ENABLE_DEBUG_INFO = INCLUDE_SOURCE;
				MTL_FAST_MATH = YES;
				ONLY_ACTIVE_ARCH = YES;
				SDKROOT = iphoneos;
				SWIFT_ACTIVE_COMPILATION_CONDITIONS = DEBUG;
				SWIFT_OPTIMIZATION_LEVEL = "-Onone";
			};
			name = Debug;
		};
		4F46A04B254CAE21005B2738 /* Release */ = {
			isa = XCBuildConfiguration;
			buildSettings = {
				ALWAYS_SEARCH_USER_PATHS = NO;
				CLANG_ANALYZER_NONNULL = YES;
				CLANG_ANALYZER_NUMBER_OBJECT_CONVERSION = YES_AGGRESSIVE;
				CLANG_CXX_LANGUAGE_STANDARD = "gnu++14";
				CLANG_CXX_LIBRARY = "libc++";
				CLANG_ENABLE_MODULES = YES;
				CLANG_ENABLE_OBJC_ARC = YES;
				CLANG_ENABLE_OBJC_WEAK = YES;
				CLANG_WARN_BLOCK_CAPTURE_AUTORELEASING = YES;
				CLANG_WARN_BOOL_CONVERSION = YES;
				CLANG_WARN_COMMA = YES;
				CLANG_WARN_CONSTANT_CONVERSION = YES;
				CLANG_WARN_DEPRECATED_OBJC_IMPLEMENTATIONS = YES;
				CLANG_WARN_DIRECT_OBJC_ISA_USAGE = YES_ERROR;
				CLANG_WARN_DOCUMENTATION_COMMENTS = YES;
				CLANG_WARN_EMPTY_BODY = YES;
				CLANG_WARN_ENUM_CONVERSION = YES;
				CLANG_WARN_INFINITE_RECURSION = YES;
				CLANG_WARN_INT_CONVERSION = YES;
				CLANG_WARN_NON_LITERAL_NULL_CONVERSION = YES;
				CLANG_WARN_OBJC_IMPLICIT_RETAIN_SELF = YES;
				CLANG_WARN_OBJC_LITERAL_CONVERSION = YES;
				CLANG_WARN_OBJC_ROOT_CLASS = YES_ERROR;
				CLANG_WARN_QUOTED_INCLUDE_IN_FRAMEWORK_HEADER = YES;
				CLANG_WARN_RANGE_LOOP_ANALYSIS = YES;
				CLANG_WARN_STRICT_PROTOTYPES = YES;
				CLANG_WARN_SUSPICIOUS_MOVE = YES;
				CLANG_WARN_UNGUARDED_AVAILABILITY = YES_AGGRESSIVE;
				CLANG_WARN_UNREACHABLE_CODE = YES;
				CLANG_WARN__DUPLICATE_METHOD_MATCH = YES;
				COPY_PHASE_STRIP = NO;
				DEBUG_INFORMATION_FORMAT = "dwarf-with-dsym";
				ENABLE_NS_ASSERTIONS = NO;
				ENABLE_STRICT_OBJC_MSGSEND = YES;
				GCC_C_LANGUAGE_STANDARD = gnu11;
				GCC_NO_COMMON_BLOCKS = YES;
				GCC_WARN_64_TO_32_BIT_CONVERSION = YES;
				GCC_WARN_ABOUT_RETURN_TYPE = YES_ERROR;
				GCC_WARN_UNDECLARED_SELECTOR = YES;
				GCC_WARN_UNINITIALIZED_AUTOS = YES_AGGRESSIVE;
				GCC_WARN_UNUSED_FUNCTION = YES;
				GCC_WARN_UNUSED_VARIABLE = YES;
				IPHONEOS_DEPLOYMENT_TARGET = 14.2;
				MTL_ENABLE_DEBUG_INFO = NO;
				MTL_FAST_MATH = YES;
				SDKROOT = iphoneos;
				SWIFT_COMPILATION_MODE = wholemodule;
				SWIFT_OPTIMIZATION_LEVEL = "-O";
				VALIDATE_PRODUCT = YES;
			};
			name = Release;
		};
		4F46A04D254CAE21005B2738 /* Debug */ = {
			isa = XCBuildConfiguration;
			buildSettings = {
				ASSETCATALOG_COMPILER_APPICON_NAME = AppIcon;
				ASSETCATALOG_COMPILER_GLOBAL_ACCENT_COLOR_NAME = AccentColor;
				CODE_SIGN_STYLE = Automatic;
				DEVELOPMENT_ASSET_PATHS = "\"PlantEdCD/Preview Content\"";
				DEVELOPMENT_TEAM = 5U8S5KSKHC;
				ENABLE_PREVIEWS = YES;
				INFOPLIST_FILE = PlantEdCD/Info.plist;
				IPHONEOS_DEPLOYMENT_TARGET = 14.0;
				LD_RUNPATH_SEARCH_PATHS = (
					"$(inherited)",
					"@executable_path/Frameworks",
				);
				PRODUCT_BUNDLE_IDENTIFIER = palevichcompany.PlantEdCD;
				PRODUCT_NAME = "$(TARGET_NAME)";
				SWIFT_VERSION = 5.0;
				TARGETED_DEVICE_FAMILY = "1,2";
			};
			name = Debug;
		};
		4F46A04E254CAE21005B2738 /* Release */ = {
			isa = XCBuildConfiguration;
			buildSettings = {
				ASSETCATALOG_COMPILER_APPICON_NAME = AppIcon;
				ASSETCATALOG_COMPILER_GLOBAL_ACCENT_COLOR_NAME = AccentColor;
				CODE_SIGN_STYLE = Automatic;
				DEVELOPMENT_ASSET_PATHS = "\"PlantEdCD/Preview Content\"";
				DEVELOPMENT_TEAM = 5U8S5KSKHC;
				ENABLE_PREVIEWS = YES;
				INFOPLIST_FILE = PlantEdCD/Info.plist;
				IPHONEOS_DEPLOYMENT_TARGET = 14.0;
				LD_RUNPATH_SEARCH_PATHS = (
					"$(inherited)",
					"@executable_path/Frameworks",
				);
				PRODUCT_BUNDLE_IDENTIFIER = palevichcompany.PlantEdCD;
				PRODUCT_NAME = "$(TARGET_NAME)";
				SWIFT_VERSION = 5.0;
				TARGETED_DEVICE_FAMILY = "1,2";
			};
			name = Release;
		};
/* End XCBuildConfiguration section */

/* Begin XCConfigurationList section */
		4F46A033254CAE1C005B2738 /* Build configuration list for PBXProject "PlantEdCD" */ = {
			isa = XCConfigurationList;
			buildConfigurations = (
				4F46A04A254CAE21005B2738 /* Debug */,
				4F46A04B254CAE21005B2738 /* Release */,
			);
			defaultConfigurationIsVisible = 0;
			defaultConfigurationName = Release;
		};
		4F46A04C254CAE21005B2738 /* Build configuration list for PBXNativeTarget "PlantEd" */ = {
			isa = XCConfigurationList;
			buildConfigurations = (
				4F46A04D254CAE21005B2738 /* Debug */,
				4F46A04E254CAE21005B2738 /* Release */,
			);
			defaultConfigurationIsVisible = 0;
			defaultConfigurationName = Release;
		};
/* End XCConfigurationList section */

/* Begin XCVersionGroup section */
		4F46A046254CAE21005B2738 /* PlantEdCD.xcdatamodeld */ = {
			isa = XCVersionGroup;
			children = (
				4F46A047254CAE21005B2738 /* PlantEdCD.xcdatamodel */,
			);
			currentVersion = 4F46A047254CAE21005B2738 /* PlantEdCD.xcdatamodel */;
			path = PlantEdCD.xcdatamodeld;
			sourceTree = "<group>";
			versionGroupType = wrapper.xcdatamodel;
		};
/* End XCVersionGroup section */
	};
	rootObject = 4F46A030254CAE1C005B2738 /* Project object */;
}
